{
  "nodes": {
    "home-manager": {
      "inputs": {
        "nixpkgs": [
          "nixpkgs"
        ]
      },
      "locked": {
        "lastModified": 1705476964,
        "narHash": "sha256-W5OK1fnj4qdn1HWOlxV2S3YiUvfaVjQM5ldWVpGV1fs=",
        "owner": "nix-community",
        "repo": "home-manager",
        "rev": "85c3b600f660abd86e94cbcd1c46733943197a07",
        "type": "github"
      },
      "original": {
        "owner": "nix-community",
        "ref": "release-23.11",
        "repo": "home-manager",
        "type": "github"
      }
    },
    "nixos-hardware": {
      "locked": {
        "lastModified": 1705312285,
        "narHash": "sha256-rd+dY+v61Y8w3u9bukO/hB55Xl4wXv4/yC8rCGVnK5U=",
        "owner": "nixos",
        "repo": "nixos-hardware",
        "rev": "bee2202bec57e521e3bd8acd526884b9767d7fa0",
        "type": "github"
      },
      "original": {
        "owner": "nixos",
        "ref": "master",
        "repo": "nixos-hardware",
        "type": "github"
      }
    },
    "nixpkgs": {
      "locked": {
        "lastModified": 1705331948,
        "narHash": "sha256-qjQXfvrAT1/RKDFAMdl8Hw3m4tLVvMCc8fMqzJv0pP4=",
        "owner": "nixos",
        "repo": "nixpkgs",
        "rev": "b8dd8be3c790215716e7c12b247f45ca525867e2",
        "type": "github"
      },
      "original": {
        "owner": "nixos",
        "ref": "nixos-23.11",
        "repo": "nixpkgs",
        "type": "github"
      }
    },
    "nixpkgs-unstable": {
      "locked": {
        "lastModified": 1705316053,
        "narHash": "sha256-J2Ey5mPFT8gdfL2XC0JTZvKaBw/b2pnyudEXFvl+dQM=",
        "owner": "nixos",
        "repo": "nixpkgs",
        "rev": "c3e128f3c0ecc1fb04aef9f72b3dcc2f6cecf370",
        "type": "github"
      },
      "original": {
        "owner": "nixos",
        "ref": "nixos-unstable",
        "repo": "nixpkgs",
        "type": "github"
      }
    },
    "root": {
      "inputs": {
        "home-manager": "home-manager",
        "nixos-hardware": "nixos-hardware",
        "nixpkgs": "nixpkgs",
        "nixpkgs-unstable": "nixpkgs-unstable"
      }
    }
  },
  "root": "root",
  "version": 7
}
